
Microsoft Visual Studio Solution File, Format Version 12.00
# Visual Studio Version 16
VisualStudioVersion = 16.0.34114.132
MinimumVisualStudioVersion = 10.0.40219.1
Project("{2150E333-8FDC-42A3-9474-1A3956D46DE8}") = "Task0", "Task0", "{722E9D46-AB98-4F5D-9C77-0B61193D578A}"
EndProject
Project("{FAE04EC0-301F-11D3-BF4B-00C04F79EFBC}") = "Tyuiu.MelehovAG.Sprint6.Task0.V0.Test", "Tyuiu.MelehovAG.Sprint6.Task0.V0.Test\Tyuiu.MelehovAG.Sprint6.Task0.V0.Test.csproj", "{015D3BCC-2F7C-410A-BC26-559741B97E53}"
EndProject
Project("{FAE04EC0-301F-11D3-BF4B-00C04F79EFBC}") = "Tyuiu.MelehovAG.Sprint6.Task0.V0.Lib", "Tyuiu.MelehovAG.Sprint6.Task0.V0.Lib\Tyuiu.MelehovAG.Sprint6.Task0.V0.Lib.csproj", "{43A9671D-95F6-463E-B75B-BC50F514FDBA}"
EndProject
Project("{FAE04EC0-301F-11D3-BF4B-00C04F79EFBC}") = "Tyuiu.MelehovAG.Sprint6.Task0.V0", "Tyuiu.MelehovAG.Sprint6.Task0.V0\Tyuiu.MelehovAG.Sprint6.Task0.V0.csproj", "{18EEFCDC-1357-45EC-BD2E-49D947284C69}"
EndProject
Project("{2150E333-8FDC-42A3-9474-1A3956D46DE8}") = "Task1", "Task1", "{24656D90-5A57-447D-A434-231A497A9A42}"
EndProject
Project("{2150E333-8FDC-42A3-9474-1A3956D46DE8}") = "Task2", "Task2", "{5670E0A0-FA7D-4960-83AF-A8742608E834}"
EndProject
Project("{2150E333-8FDC-42A3-9474-1A3956D46DE8}") = "Task3", "Task3", "{5EAE3155-80F7-4919-8E97-E3D5801F01A3}"
EndProject
Project("{2150E333-8FDC-42A3-9474-1A3956D46DE8}") = "Task4", "Task4", "{30261CB5-5102-4B72-9A57-CCD749E349B8}"
EndProject
Project("{2150E333-8FDC-42A3-9474-1A3956D46DE8}") = "Task5", "Task5", "{9161FF61-D97B-4BBB-8894-6A5FFB6DB721}"
EndProject
Project("{2150E333-8FDC-42A3-9474-1A3956D46DE8}") = "Task6", "Task6", "{F374FE72-7AAA-4C4B-A390-34CDC0A37644}"
EndProject
Project("{2150E333-8FDC-42A3-9474-1A3956D46DE8}") = "Task7", "Task7", "{A1DF7738-EF52-490B-8A84-DF0231F6BD48}"
EndProject
Project("{FAE04EC0-301F-11D3-BF4B-00C04F79EFBC}") = "Tyuiu.MelehovAG.Sprint6.Task1.V19", "Tyuiu.MelehovAG.Sprint6.Task1.V19\Tyuiu.MelehovAG.Sprint6.Task1.V19.csproj", "{FC672BCC-C21E-448E-AE75-24C0D446DEEA}"
EndProject
Project("{FAE04EC0-301F-11D3-BF4B-00C04F79EFBC}") = "Tyuiu.MelehovAG.Sprint6.Task1.V19.Lib", "Tyuiu.MelehovAG.Sprint6.Task1.V19.Lib\Tyuiu.MelehovAG.Sprint6.Task1.V19.Lib.csproj", "{29D6D737-0A1F-46BE-9510-EE5D73F75BEA}"
EndProject
Project("{FAE04EC0-301F-11D3-BF4B-00C04F79EFBC}") = "Tyuiu.MelehovAG.Sprint6.Task1.V19.Test", "Tyuiu.MelehovAG.Sprint6.Task1.V19.Test\Tyuiu.MelehovAG.Sprint6.Task1.V19.Test.csproj", "{A6DFF995-D982-419A-9228-47C6A8515E73}"
EndProject
Project("{FAE04EC0-301F-11D3-BF4B-00C04F79EFBC}") = "Tyuiu.MelehovAG.Sprint6.Task2.V7", "Tyuiu.MelehovAG.Sprint6.Task2.V7\Tyuiu.MelehovAG.Sprint6.Task2.V7.csproj", "{DA066F4A-09AB-420C-974C-A19B518AC990}"
EndProject
Project("{FAE04EC0-301F-11D3-BF4B-00C04F79EFBC}") = "Tyuiu.MelehovAG.Sprint6.Task2.V7.Lib", "Tyuiu.MelehovAG.Sprint6.Task2.V7.Lib\Tyuiu.MelehovAG.Sprint6.Task2.V7.Lib.csproj", "{4BC21A70-7DD7-4E24-AA5D-47F513E503FC}"
EndProject
Project("{FAE04EC0-301F-11D3-BF4B-00C04F79EFBC}") = "Tyuiu.MelehovAG.Sprint6.Task2.V7.Test", "Tyuiu.MelehovAG.Sprint6.Task2.V7.Test\Tyuiu.MelehovAG.Sprint6.Task2.V7.Test.csproj", "{3A6C1480-5CD2-4A91-9647-E5C377406458}"
EndProject
Project("{FAE04EC0-301F-11D3-BF4B-00C04F79EFBC}") = "Tyuiu.MelehovAG.Sprint6.Task3.V1", "Tyuiu.MelehovAG.Sprint6.Task3.V1\Tyuiu.MelehovAG.Sprint6.Task3.V1.csproj", "{3330EFD7-141E-465F-B1CE-F579035A185F}"
EndProject
Project("{FAE04EC0-301F-11D3-BF4B-00C04F79EFBC}") = "Tyuiu.MelehovAG.Sprint6.Task3.V1.Lib", "Tyuiu.MelehovAG.Sprint6.Task3.V1.Lib\Tyuiu.MelehovAG.Sprint6.Task3.V1.Lib.csproj", "{47E62F3D-8FC2-44A7-99F6-E7FB390ED2DF}"
EndProject
Project("{FAE04EC0-301F-11D3-BF4B-00C04F79EFBC}") = "Tyuiu.MelehovAG.Sprint6.Task3.V1.Test", "Tyuiu.MelehovAG.Sprint6.Task3.V1.Test\Tyuiu.MelehovAG.Sprint6.Task3.V1.Test.csproj", "{F465A04F-0D7F-43FB-BB54-7D10D30445FB}"
EndProject
Project("{FAE04EC0-301F-11D3-BF4B-00C04F79EFBC}") = "Tyuiu.MelehovAG.Sprint6.Task4.V29", "Tyuiu.MelehovAG.Sprint6.Task4.V29\Tyuiu.MelehovAG.Sprint6.Task4.V29.csproj", "{0D01D4A5-D47D-4F95-8AC6-83C8523031E4}"
EndProject
Project("{FAE04EC0-301F-11D3-BF4B-00C04F79EFBC}") = "Tyuiu.MelehovAG.Sprint6.Task4.V29.Lib", "Tyuiu.MelehovAG.Sprint6.Task4.V29.Lib\Tyuiu.MelehovAG.Sprint6.Task4.V29.Lib.csproj", "{07D0D393-9884-4A51-AA4B-8EB125C60ED4}"
EndProject
Project("{FAE04EC0-301F-11D3-BF4B-00C04F79EFBC}") = "Tyuiu.MelehovAG.Sprint6.Task4.V29.Test", "Tyuiu.MelehovAG.Sprint6.Task4.V29.Test\Tyuiu.MelehovAG.Sprint6.Task4.V29.Test.csproj", "{1D2AB832-B398-4088-AF95-304C73BF9451}"
EndProject
Project("{FAE04EC0-301F-11D3-BF4B-00C04F79EFBC}") = "Tyuiu.MelehovAG.Sprint6.Task5.V17", "Tyuiu.MelehovAG.Sprint6.Task5.V17\Tyuiu.MelehovAG.Sprint6.Task5.V17.csproj", "{336668C9-2CE3-40D2-B8EB-8FEE129877B9}"
EndProject
Project("{FAE04EC0-301F-11D3-BF4B-00C04F79EFBC}") = "Tyuiu.MelehovAG.Sprint6.Task5.V17.Lib", "Tyuiu.MelehovAG.Sprint6.Task5.V17.Lib\Tyuiu.MelehovAG.Sprint6.Task5.V17.Lib.csproj", "{4346165B-35CC-4128-AFE5-C5E9989A3293}"
EndProject
Project("{FAE04EC0-301F-11D3-BF4B-00C04F79EFBC}") = "Tyuiu.MelehovAG.Sprint6.Task5.V17.Test", "Tyuiu.MelehovAG.Sprint6.Task5.V17.Test\Tyuiu.MelehovAG.Sprint6.Task5.V17.Test.csproj", "{C35CF68F-9C29-49B2-B852-A48207E44503}"
EndProject
Project("{FAE04EC0-301F-11D3-BF4B-00C04F79EFBC}") = "Tyuiu.MelehovAG.Sprint6.Task0.V11", "Tyuiu.MelehovAG.Sprint6.Task0.V11\Tyuiu.MelehovAG.Sprint6.Task0.V11.csproj", "{097AB50E-7CA5-4F46-8E64-C6BDFF64C490}"
EndProject
Project("{FAE04EC0-301F-11D3-BF4B-00C04F79EFBC}") = "Tyuiu.MelehovAG.Sprint6.Task0.V11.Lib", "Tyuiu.MelehovAG.Sprint6.Task0.V11.Lib\Tyuiu.MelehovAG.Sprint6.Task0.V11.Lib.csproj", "{C37F4E77-01D2-40E4-9C76-678E9B6A1C16}"
EndProject
Project("{FAE04EC0-301F-11D3-BF4B-00C04F79EFBC}") = "Tyuiu.MelehovAG.Sprint6.Task0.V11.Test", "Tyuiu.MelehovAG.Sprint6.Task0.V11.Test\Tyuiu.MelehovAG.Sprint6.Task0.V11.Test.csproj", "{2151C172-5700-4F91-B5DB-AF98A39952AB}"
EndProject
Project("{FAE04EC0-301F-11D3-BF4B-00C04F79EFBC}") = "Tyuiu.MelehovAG.Sprint6.Task6.V16", "Tyuiu.MelehovAG.Sprint6.Task6.V16\Tyuiu.MelehovAG.Sprint6.Task6.V16.csproj", "{0CBACBEB-A7EE-452B-A441-FC5C03DEF4FC}"
EndProject
Project("{FAE04EC0-301F-11D3-BF4B-00C04F79EFBC}") = "Tyuiu.MelehovAG.Sprint6.Task6.V16.Lib", "Tyuiu.MelehovAG.Sprint6.Task6.V16.Lib\Tyuiu.MelehovAG.Sprint6.Task6.V16.Lib.csproj", "{BC6B771D-A2EA-43B9-9D5A-637B9BFFFF08}"
EndProject
Project("{FAE04EC0-301F-11D3-BF4B-00C04F79EFBC}") = "Tyuiu.MelehovAG.Sprint6.Task6.V16.Test", "Tyuiu.MelehovAG.Sprint6.Task6.V16.Test\Tyuiu.MelehovAG.Sprint6.Task6.V16.Test.csproj", "{33AA42A4-2BD2-4075-BB6D-B9BA40571B0F}"
EndProject
Project("{FAE04EC0-301F-11D3-BF4B-00C04F79EFBC}") = "Tyuiu.MelehovAG.Sprint6.Task7.V24", "Tyuiu.MelehovAG.Sprint6.Task7.V24\Tyuiu.MelehovAG.Sprint6.Task7.V24.csproj", "{4ADDE766-4CD5-47EC-BBE6-D84216359A03}"
EndProject
Project("{FAE04EC0-301F-11D3-BF4B-00C04F79EFBC}") = "Tyuiu.MelehovAG.Sprint6.Task7.V24.Lib", "Tyuiu.MelehovAG.Sprint6.Task7.V24.Lib\Tyuiu.MelehovAG.Sprint6.Task7.V24.Lib.csproj", "{9E0B3F4F-6E67-41CC-A33A-0B3FCD6D85DB}"
EndProject
Project("{FAE04EC0-301F-11D3-BF4B-00C04F79EFBC}") = "Tyuiu.MelehovAG.Sprint6.Task7.V24.Test", "Tyuiu.MelehovAG.Sprint6.Task7.V24.Test\Tyuiu.MelehovAG.Sprint6.Task7.V24.Test.csproj", "{C9F58695-67E0-4027-AC80-77E7B6E27108}"
EndProject
Global
	GlobalSection(SolutionConfigurationPlatforms) = preSolution
		Debug|Any CPU = Debug|Any CPU
		Release|Any CPU = Release|Any CPU
	EndGlobalSection
	GlobalSection(ProjectConfigurationPlatforms) = postSolution
		{015D3BCC-2F7C-410A-BC26-559741B97E53}.Debug|Any CPU.ActiveCfg = Debug|Any CPU
		{015D3BCC-2F7C-410A-BC26-559741B97E53}.Debug|Any CPU.Build.0 = Debug|Any CPU
		{015D3BCC-2F7C-410A-BC26-559741B97E53}.Release|Any CPU.ActiveCfg = Release|Any CPU
		{015D3BCC-2F7C-410A-BC26-559741B97E53}.Release|Any CPU.Build.0 = Release|Any CPU
		{43A9671D-95F6-463E-B75B-BC50F514FDBA}.Debug|Any CPU.ActiveCfg = Debug|Any CPU
		{43A9671D-95F6-463E-B75B-BC50F514FDBA}.Debug|Any CPU.Build.0 = Debug|Any CPU
		{43A9671D-95F6-463E-B75B-BC50F514FDBA}.Release|Any CPU.ActiveCfg = Release|Any CPU
		{43A9671D-95F6-463E-B75B-BC50F514FDBA}.Release|Any CPU.Build.0 = Release|Any CPU
		{18EEFCDC-1357-45EC-BD2E-49D947284C69}.Debug|Any CPU.ActiveCfg = Debug|Any CPU
		{18EEFCDC-1357-45EC-BD2E-49D947284C69}.Debug|Any CPU.Build.0 = Debug|Any CPU
		{18EEFCDC-1357-45EC-BD2E-49D947284C69}.Release|Any CPU.ActiveCfg = Release|Any CPU
		{18EEFCDC-1357-45EC-BD2E-49D947284C69}.Release|Any CPU.Build.0 = Release|Any CPU
		{FC672BCC-C21E-448E-AE75-24C0D446DEEA}.Debug|Any CPU.ActiveCfg = Debug|Any CPU
		{FC672BCC-C21E-448E-AE75-24C0D446DEEA}.Debug|Any CPU.Build.0 = Debug|Any CPU
		{FC672BCC-C21E-448E-AE75-24C0D446DEEA}.Release|Any CPU.ActiveCfg = Release|Any CPU
		{FC672BCC-C21E-448E-AE75-24C0D446DEEA}.Release|Any CPU.Build.0 = Release|Any CPU
		{29D6D737-0A1F-46BE-9510-EE5D73F75BEA}.Debug|Any CPU.ActiveCfg = Debug|Any CPU
		{29D6D737-0A1F-46BE-9510-EE5D73F75BEA}.Debug|Any CPU.Build.0 = Debug|Any CPU
		{29D6D737-0A1F-46BE-9510-EE5D73F75BEA}.Release|Any CPU.ActiveCfg = Release|Any CPU
		{29D6D737-0A1F-46BE-9510-EE5D73F75BEA}.Release|Any CPU.Build.0 = Release|Any CPU
		{A6DFF995-D982-419A-9228-47C6A8515E73}.Debug|Any CPU.ActiveCfg = Debug|Any CPU
		{A6DFF995-D982-419A-9228-47C6A8515E73}.Debug|Any CPU.Build.0 = Debug|Any CPU
		{A6DFF995-D982-419A-9228-47C6A8515E73}.Release|Any CPU.ActiveCfg = Release|Any CPU
		{A6DFF995-D982-419A-9228-47C6A8515E73}.Release|Any CPU.Build.0 = Release|Any CPU
		{DA066F4A-09AB-420C-974C-A19B518AC990}.Debug|Any CPU.ActiveCfg = Debug|Any CPU
		{DA066F4A-09AB-420C-974C-A19B518AC990}.Debug|Any CPU.Build.0 = Debug|Any CPU
		{DA066F4A-09AB-420C-974C-A19B518AC990}.Release|Any CPU.ActiveCfg = Release|Any CPU
		{DA066F4A-09AB-420C-974C-A19B518AC990}.Release|Any CPU.Build.0 = Release|Any CPU
		{4BC21A70-7DD7-4E24-AA5D-47F513E503FC}.Debug|Any CPU.ActiveCfg = Debug|Any CPU
		{4BC21A70-7DD7-4E24-AA5D-47F513E503FC}.Debug|Any CPU.Build.0 = Debug|Any CPU
		{4BC21A70-7DD7-4E24-AA5D-47F513E503FC}.Release|Any CPU.ActiveCfg = Release|Any CPU
		{4BC21A70-7DD7-4E24-AA5D-47F513E503FC}.Release|Any CPU.Build.0 = Release|Any CPU
		{3A6C1480-5CD2-4A91-9647-E5C377406458}.Debug|Any CPU.ActiveCfg = Debug|Any CPU
		{3A6C1480-5CD2-4A91-9647-E5C377406458}.Debug|Any CPU.Build.0 = Debug|Any CPU
		{3A6C1480-5CD2-4A91-9647-E5C377406458}.Release|Any CPU.ActiveCfg = Release|Any CPU
		{3A6C1480-5CD2-4A91-9647-E5C377406458}.Release|Any CPU.Build.0 = Release|Any CPU
		{3330EFD7-141E-465F-B1CE-F579035A185F}.Debug|Any CPU.ActiveCfg = Debug|Any CPU
		{3330EFD7-141E-465F-B1CE-F579035A185F}.Debug|Any CPU.Build.0 = Debug|Any CPU
		{3330EFD7-141E-465F-B1CE-F579035A185F}.Release|Any CPU.ActiveCfg = Release|Any CPU
		{3330EFD7-141E-465F-B1CE-F579035A185F}.Release|Any CPU.Build.0 = Release|Any CPU
		{47E62F3D-8FC2-44A7-99F6-E7FB390ED2DF}.Debug|Any CPU.ActiveCfg = Debug|Any CPU
		{47E62F3D-8FC2-44A7-99F6-E7FB390ED2DF}.Debug|Any CPU.Build.0 = Debug|Any CPU
		{47E62F3D-8FC2-44A7-99F6-E7FB390ED2DF}.Release|Any CPU.ActiveCfg = Release|Any CPU
		{47E62F3D-8FC2-44A7-99F6-E7FB390ED2DF}.Release|Any CPU.Build.0 = Release|Any CPU
		{F465A04F-0D7F-43FB-BB54-7D10D30445FB}.Debug|Any CPU.ActiveCfg = Debug|Any CPU
		{F465A04F-0D7F-43FB-BB54-7D10D30445FB}.Debug|Any CPU.Build.0 = Debug|Any CPU
		{F465A04F-0D7F-43FB-BB54-7D10D30445FB}.Release|Any CPU.ActiveCfg = Release|Any CPU
		{F465A04F-0D7F-43FB-BB54-7D10D30445FB}.Release|Any CPU.Build.0 = Release|Any CPU
		{0D01D4A5-D47D-4F95-8AC6-83C8523031E4}.Debug|Any CPU.ActiveCfg = Debug|Any CPU
		{0D01D4A5-D47D-4F95-8AC6-83C8523031E4}.Debug|Any CPU.Build.0 = Debug|Any CPU
		{0D01D4A5-D47D-4F95-8AC6-83C8523031E4}.Release|Any CPU.ActiveCfg = Release|Any CPU
		{0D01D4A5-D47D-4F95-8AC6-83C8523031E4}.Release|Any CPU.Build.0 = Release|Any CPU
		{07D0D393-9884-4A51-AA4B-8EB125C60ED4}.Debug|Any CPU.ActiveCfg = Debug|Any CPU
		{07D0D393-9884-4A51-AA4B-8EB125C60ED4}.Debug|Any CPU.Build.0 = Debug|Any CPU
		{07D0D393-9884-4A51-AA4B-8EB125C60ED4}.Release|Any CPU.ActiveCfg = Release|Any CPU
		{07D0D393-9884-4A51-AA4B-8EB125C60ED4}.Release|Any CPU.Build.0 = Release|Any CPU
		{1D2AB832-B398-4088-AF95-304C73BF9451}.Debug|Any CPU.ActiveCfg = Debug|Any CPU
		{1D2AB832-B398-4088-AF95-304C73BF9451}.Debug|Any CPU.Build.0 = Debug|Any CPU
		{1D2AB832-B398-4088-AF95-304C73BF9451}.Release|Any CPU.ActiveCfg = Release|Any CPU
		{1D2AB832-B398-4088-AF95-304C73BF9451}.Release|Any CPU.Build.0 = Release|Any CPU
		{336668C9-2CE3-40D2-B8EB-8FEE129877B9}.Debug|Any CPU.ActiveCfg = Debug|Any CPU
		{336668C9-2CE3-40D2-B8EB-8FEE129877B9}.Debug|Any CPU.Build.0 = Debug|Any CPU
		{336668C9-2CE3-40D2-B8EB-8FEE129877B9}.Release|Any CPU.ActiveCfg = Release|Any CPU
		{336668C9-2CE3-40D2-B8EB-8FEE129877B9}.Release|Any CPU.Build.0 = Release|Any CPU
		{4346165B-35CC-4128-AFE5-C5E9989A3293}.Debug|Any CPU.ActiveCfg = Debug|Any CPU
		{4346165B-35CC-4128-AFE5-C5E9989A3293}.Debug|Any CPU.Build.0 = Debug|Any CPU
		{4346165B-35CC-4128-AFE5-C5E9989A3293}.Release|Any CPU.ActiveCfg = Release|Any CPU
		{4346165B-35CC-4128-AFE5-C5E9989A3293}.Release|Any CPU.Build.0 = Release|Any CPU
		{C35CF68F-9C29-49B2-B852-A48207E44503}.Debug|Any CPU.ActiveCfg = Debug|Any CPU
		{C35CF68F-9C29-49B2-B852-A48207E44503}.Debug|Any CPU.Build.0 = Debug|Any CPU
		{C35CF68F-9C29-49B2-B852-A48207E44503}.Release|Any CPU.ActiveCfg = Release|Any CPU
		{C35CF68F-9C29-49B2-B852-A48207E44503}.Release|Any CPU.Build.0 = Release|Any CPU
		{097AB50E-7CA5-4F46-8E64-C6BDFF64C490}.Debug|Any CPU.ActiveCfg = Debug|Any CPU
		{097AB50E-7CA5-4F46-8E64-C6BDFF64C490}.Debug|Any CPU.Build.0 = Debug|Any CPU
		{097AB50E-7CA5-4F46-8E64-C6BDFF64C490}.Release|Any CPU.ActiveCfg = Release|Any CPU
		{097AB50E-7CA5-4F46-8E64-C6BDFF64C490}.Release|Any CPU.Build.0 = Release|Any CPU
		{C37F4E77-01D2-40E4-9C76-678E9B6A1C16}.Debug|Any CPU.ActiveCfg = Debug|Any CPU
		{C37F4E77-01D2-40E4-9C76-678E9B6A1C16}.Debug|Any CPU.Build.0 = Debug|Any CPU
		{C37F4E77-01D2-40E4-9C76-678E9B6A1C16}.Release|Any CPU.ActiveCfg = Release|Any CPU
		{C37F4E77-01D2-40E4-9C76-678E9B6A1C16}.Release|Any CPU.Build.0 = Release|Any CPU
		{2151C172-5700-4F91-B5DB-AF98A39952AB}.Debug|Any CPU.ActiveCfg = Debug|Any CPU
		{2151C172-5700-4F91-B5DB-AF98A39952AB}.Debug|Any CPU.Build.0 = Debug|Any CPU
		{2151C172-5700-4F91-B5DB-AF98A39952AB}.Release|Any CPU.ActiveCfg = Release|Any CPU
		{2151C172-5700-4F91-B5DB-AF98A39952AB}.Release|Any CPU.Build.0 = Release|Any CPU
		{0CBACBEB-A7EE-452B-A441-FC5C03DEF4FC}.Debug|Any CPU.ActiveCfg = Debug|Any CPU
		{0CBACBEB-A7EE-452B-A441-FC5C03DEF4FC}.Debug|Any CPU.Build.0 = Debug|Any CPU
		{0CBACBEB-A7EE-452B-A441-FC5C03DEF4FC}.Release|Any CPU.ActiveCfg = Release|Any CPU
		{0CBACBEB-A7EE-452B-A441-FC5C03DEF4FC}.Release|Any CPU.Build.0 = Release|Any CPU
		{BC6B771D-A2EA-43B9-9D5A-637B9BFFFF08}.Debug|Any CPU.ActiveCfg = Debug|Any CPU
		{BC6B771D-A2EA-43B9-9D5A-637B9BFFFF08}.Debug|Any CPU.Build.0 = Debug|Any CPU
		{BC6B771D-A2EA-43B9-9D5A-637B9BFFFF08}.Release|Any CPU.ActiveCfg = Release|Any CPU
		{BC6B771D-A2EA-43B9-9D5A-637B9BFFFF08}.Release|Any CPU.Build.0 = Release|Any CPU
		{33AA42A4-2BD2-4075-BB6D-B9BA40571B0F}.Debug|Any CPU.ActiveCfg = Debug|Any CPU
		{33AA42A4-2BD2-4075-BB6D-B9BA40571B0F}.Debug|Any CPU.Build.0 = Debug|Any CPU
		{33AA42A4-2BD2-4075-BB6D-B9BA40571B0F}.Release|Any CPU.ActiveCfg = Release|Any CPU
		{33AA42A4-2BD2-4075-BB6D-B9BA40571B0F}.Release|Any CPU.Build.0 = Release|Any CPU
		{4ADDE766-4CD5-47EC-BBE6-D84216359A03}.Debug|Any CPU.ActiveCfg = Debug|Any CPU
		{4ADDE766-4CD5-47EC-BBE6-D84216359A03}.Debug|Any CPU.Build.0 = Debug|Any CPU
		{4ADDE766-4CD5-47EC-BBE6-D84216359A03}.Release|Any CPU.ActiveCfg = Release|Any CPU
		{4ADDE766-4CD5-47EC-BBE6-D84216359A03}.Release|Any CPU.Build.0 = Release|Any CPU
		{9E0B3F4F-6E67-41CC-A33A-0B3FCD6D85DB}.Debug|Any CPU.ActiveCfg = Debug|Any CPU
		{9E0B3F4F-6E67-41CC-A33A-0B3FCD6D85DB}.Debug|Any CPU.Build.0 = Debug|Any CPU
		{9E0B3F4F-6E67-41CC-A33A-0B3FCD6D85DB}.Release|Any CPU.ActiveCfg = Release|Any CPU
		{9E0B3F4F-6E67-41CC-A33A-0B3FCD6D85DB}.Release|Any CPU.Build.0 = Release|Any CPU
		{C9F58695-67E0-4027-AC80-77E7B6E27108}.Debug|Any CPU.ActiveCfg = Debug|Any CPU
		{C9F58695-67E0-4027-AC80-77E7B6E27108}.Debug|Any CPU.Build.0 = Debug|Any CPU
		{C9F58695-67E0-4027-AC80-77E7B6E27108}.Release|Any CPU.ActiveCfg = Release|Any CPU
		{C9F58695-67E0-4027-AC80-77E7B6E27108}.Release|Any CPU.Build.0 = Release|Any CPU
	EndGlobalSection
	GlobalSection(SolutionProperties) = preSolution
		HideSolutionNode = FALSE
	EndGlobalSection
	GlobalSection(NestedProjects) = preSolution
		{015D3BCC-2F7C-410A-BC26-559741B97E53} = {722E9D46-AB98-4F5D-9C77-0B61193D578A}
		{43A9671D-95F6-463E-B75B-BC50F514FDBA} = {722E9D46-AB98-4F5D-9C77-0B61193D578A}
		{18EEFCDC-1357-45EC-BD2E-49D947284C69} = {722E9D46-AB98-4F5D-9C77-0B61193D578A}
		{FC672BCC-C21E-448E-AE75-24C0D446DEEA} = {24656D90-5A57-447D-A434-231A497A9A42}
		{29D6D737-0A1F-46BE-9510-EE5D73F75BEA} = {24656D90-5A57-447D-A434-231A497A9A42}
		{A6DFF995-D982-419A-9228-47C6A8515E73} = {24656D90-5A57-447D-A434-231A497A9A42}
		{DA066F4A-09AB-420C-974C-A19B518AC990} = {5670E0A0-FA7D-4960-83AF-A8742608E834}
		{4BC21A70-7DD7-4E24-AA5D-47F513E503FC} = {5670E0A0-FA7D-4960-83AF-A8742608E834}
		{3A6C1480-5CD2-4A91-9647-E5C377406458} = {5670E0A0-FA7D-4960-83AF-A8742608E834}
		{3330EFD7-141E-465F-B1CE-F579035A185F} = {5EAE3155-80F7-4919-8E97-E3D5801F01A3}
		{47E62F3D-8FC2-44A7-99F6-E7FB390ED2DF} = {5EAE3155-80F7-4919-8E97-E3D5801F01A3}
		{F465A04F-0D7F-43FB-BB54-7D10D30445FB} = {5EAE3155-80F7-4919-8E97-E3D5801F01A3}
		{0D01D4A5-D47D-4F95-8AC6-83C8523031E4} = {30261CB5-5102-4B72-9A57-CCD749E349B8}
		{07D0D393-9884-4A51-AA4B-8EB125C60ED4} = {30261CB5-5102-4B72-9A57-CCD749E349B8}
		{1D2AB832-B398-4088-AF95-304C73BF9451} = {30261CB5-5102-4B72-9A57-CCD749E349B8}
		{336668C9-2CE3-40D2-B8EB-8FEE129877B9} = {9161FF61-D97B-4BBB-8894-6A5FFB6DB721}
		{4346165B-35CC-4128-AFE5-C5E9989A3293} = {9161FF61-D97B-4BBB-8894-6A5FFB6DB721}
		{C35CF68F-9C29-49B2-B852-A48207E44503} = {9161FF61-D97B-4BBB-8894-6A5FFB6DB721}
		{097AB50E-7CA5-4F46-8E64-C6BDFF64C490} = {722E9D46-AB98-4F5D-9C77-0B61193D578A}
		{C37F4E77-01D2-40E4-9C76-678E9B6A1C16} = {722E9D46-AB98-4F5D-9C77-0B61193D578A}
		{2151C172-5700-4F91-B5DB-AF98A39952AB} = {722E9D46-AB98-4F5D-9C77-0B61193D578A}
		{0CBACBEB-A7EE-452B-A441-FC5C03DEF4FC} = {F374FE72-7AAA-4C4B-A390-34CDC0A37644}
		{BC6B771D-A2EA-43B9-9D5A-637B9BFFFF08} = {F374FE72-7AAA-4C4B-A390-34CDC0A37644}
		{33AA42A4-2BD2-4075-BB6D-B9BA40571B0F} = {F374FE72-7AAA-4C4B-A390-34CDC0A37644}
		{4ADDE766-4CD5-47EC-BBE6-D84216359A03} = {A1DF7738-EF52-490B-8A84-DF0231F6BD48}
		{9E0B3F4F-6E67-41CC-A33A-0B3FCD6D85DB} = {A1DF7738-EF52-490B-8A84-DF0231F6BD48}
		{C9F58695-67E0-4027-AC80-77E7B6E27108} = {A1DF7738-EF52-490B-8A84-DF0231F6BD48}
	EndGlobalSection
	GlobalSection(ExtensibilityGlobals) = postSolution
		SolutionGuid = {1F550CFE-D534-49F5-B7EB-B7E34B85E777}
	EndGlobalSection
EndGlobal
